
Microsoft Visual Studio Solution File, Format Version 12.00
# Visual Studio 15
VisualStudioVersion = 15.0.28307.1062
MinimumVisualStudioVersion = 10.0.40219.1
Project("{8BC9CEB8-8B4A-11D0-8D11-00A0C91BC942}") = "Project1", "Project1\Project1.vcxproj", "{EF116254-FB88-42D9-85E8-5E259EF918B8}"
EndProject
Global
	GlobalSection(SolutionConfigurationPlatforms) = preSolution
		Debug|x64 = Debug|x64
		Debug|x86 = Debug|x86
		Release|x64 = Release|x64
		Release|x86 = Release|x86
	EndGlobalSection
	GlobalSection(ProjectConfigurationPlatforms) = postSolution
		{EF116254-FB88-42D9-85E8-5E259EF918B8}.Debug|x64.ActiveCfg = Debug|x64
		{EF116254-FB88-42D9-85E8-5E259EF918B8}.Debug|x64.Build.0 = Debug|x64
		{EF116254-FB88-42D9-85E8-5E259EF918B8}.Debug|x86.ActiveCfg = Debug|Win32
		{EF116254-FB88-42D9-85E8-5E259EF918B8}.Debug|x86.Build.0 = Debug|Win32
		{EF116254-FB88-42D9-85E8-5E259EF918B8}.Release|x64.ActiveCfg = Release|x64
		{EF116254-FB88-42D9-85E8-5E259EF918B8}.Release|x64.Build.0 = Release|x64
		{EF116254-FB88-42D9-85E8-5E259EF918B8}.Release|x86.ActiveCfg = Release|Win32
		{EF116254-FB88-42D9-85E8-5E259EF918B8}.Release|x86.Build.0 = Release|Win32
	EndGlobalSection
	GlobalSection(SolutionProperties) = preSolution
		HideSolutionNode = FALSE
	EndGlobalSection
	GlobalSection(ExtensibilityGlobals) = postSolution
		SolutionGuid = {098AA9F2-8DF6-4C8D-9CA2-BF2184887051}
	EndGlobalSection
EndGlobal
